# This file was autogenerated by Stack.
# You should not edit this file by hand.
# For more information, please see the documentation at:
#   https://docs.haskellstack.org/en/stable/lock_files

packages:
- completed:
    hackage: SimpleTableGenerator-0.2.0.0@sha256:466e8c2507ebf4bbc1869986930f972ed4f4ba2d658861e92d869213a43bd41f,1411
    pantry-tree:
      size: 434
      sha256: 5dff719302550f6d2c419c7478e7c3aaabd0733ae18623e223d4bf20d0b97bea
  original:
    hackage: SimpleTableGenerator-0.2.0.0
- completed:
    hackage: Histogram-0.1.0.2@sha256:094e78070fa1d833cce39b4a1396324858c8811e3cb80b569b7407aea2b18e33,483
    pantry-tree:
      size: 172
      sha256: 015d73c5158b4eb5a15e9e7f72b49dfc4e17ddf3f26cba8edb2c46cf0bab33d8
  original:
    hackage: Histogram-0.1.0.2
snapshots:
- completed:
    size: 586296
    url: https://raw.githubusercontent.com/commercialhaskell/stackage-snapshots/master/lts/18/18.yaml
    sha256: 63539429076b7ebbab6daa7656cfb079393bf644971156dc349d7c0453694ac2
  original:
    url: https://raw.githubusercontent.com/commercialhaskell/stackage-snapshots/master/lts/18/18.yaml
